
Microsoft Visual Studio Solution File, Format Version 12.00
# Visual Studio Version 16
VisualStudioVersion = 16.0.810.9
MinimumVisualStudioVersion = 10.0.40219.1
Project("{FAE04EC0-301F-11D3-BF4B-00C04F79EFBC}") = "AvivaWeather.Android", "AvivaWeather.Android\AvivaWeather.Android.csproj", "{A24C6F76-0867-4A78-966E-14F9D2B15937}"
EndProject
Project("{FAE04EC0-301F-11D3-BF4B-00C04F79EFBC}") = "AvivaWeather.iOS", "AvivaWeather.iOS\AvivaWeather.iOS.csproj", "{91A37C94-ECC3-4C6F-8E11-41E8CE3AD4BD}"
EndProject
Project("{FAE04EC0-301F-11D3-BF4B-00C04F79EFBC}") = "AvivaWeather", "AvivaWeather\AvivaWeather.csproj", "{60D1947C-BE34-413C-88A9-3F194CFC4575}"
EndProject
Project("{FAE04EC0-301F-11D3-BF4B-00C04F79EFBC}") = "AvivaWeather.UnitTest", "AvivaWeather.UnitTest\AvivaWeather.UnitTest.csproj", "{6A12AC70-1004-446A-A838-E797C15E8A32}"
EndProject
Global
	GlobalSection(SolutionConfigurationPlatforms) = preSolution
		Debug|Any CPU = Debug|Any CPU
		Release|Any CPU = Release|Any CPU
		Debug|iPhoneSimulator = Debug|iPhoneSimulator
		Release|iPhoneSimulator = Release|iPhoneSimulator
		Debug|iPhone = Debug|iPhone
		Release|iPhone = Release|iPhone
	EndGlobalSection
	GlobalSection(ProjectConfigurationPlatforms) = postSolution
		{A24C6F76-0867-4A78-966E-14F9D2B15937}.Debug|Any CPU.ActiveCfg = Debug|Any CPU
		{A24C6F76-0867-4A78-966E-14F9D2B15937}.Debug|Any CPU.Build.0 = Debug|Any CPU
		{A24C6F76-0867-4A78-966E-14F9D2B15937}.Release|Any CPU.ActiveCfg = Release|Any CPU
		{A24C6F76-0867-4A78-966E-14F9D2B15937}.Release|Any CPU.Build.0 = Release|Any CPU
		{A24C6F76-0867-4A78-966E-14F9D2B15937}.Debug|iPhoneSimulator.ActiveCfg = Debug|Any CPU
		{A24C6F76-0867-4A78-966E-14F9D2B15937}.Debug|iPhoneSimulator.Build.0 = Debug|Any CPU
		{A24C6F76-0867-4A78-966E-14F9D2B15937}.Release|iPhoneSimulator.ActiveCfg = Release|Any CPU
		{A24C6F76-0867-4A78-966E-14F9D2B15937}.Release|iPhoneSimulator.Build.0 = Release|Any CPU
		{A24C6F76-0867-4A78-966E-14F9D2B15937}.Debug|iPhone.ActiveCfg = Debug|Any CPU
		{A24C6F76-0867-4A78-966E-14F9D2B15937}.Debug|iPhone.Build.0 = Debug|Any CPU
		{A24C6F76-0867-4A78-966E-14F9D2B15937}.Release|iPhone.ActiveCfg = Release|Any CPU
		{A24C6F76-0867-4A78-966E-14F9D2B15937}.Release|iPhone.Build.0 = Release|Any CPU
		{91A37C94-ECC3-4C6F-8E11-41E8CE3AD4BD}.Debug|Any CPU.ActiveCfg = Debug|iPhoneSimulator
		{91A37C94-ECC3-4C6F-8E11-41E8CE3AD4BD}.Debug|Any CPU.Build.0 = Debug|iPhoneSimulator
		{91A37C94-ECC3-4C6F-8E11-41E8CE3AD4BD}.Release|Any CPU.ActiveCfg = Release|iPhoneSimulator
		{91A37C94-ECC3-4C6F-8E11-41E8CE3AD4BD}.Release|Any CPU.Build.0 = Release|iPhoneSimulator
		{91A37C94-ECC3-4C6F-8E11-41E8CE3AD4BD}.Debug|iPhoneSimulator.ActiveCfg = Debug|iPhoneSimulator
		{91A37C94-ECC3-4C6F-8E11-41E8CE3AD4BD}.Debug|iPhoneSimulator.Build.0 = Debug|iPhoneSimulator
		{91A37C94-ECC3-4C6F-8E11-41E8CE3AD4BD}.Release|iPhoneSimulator.ActiveCfg = Release|iPhoneSimulator
		{91A37C94-ECC3-4C6F-8E11-41E8CE3AD4BD}.Release|iPhoneSimulator.Build.0 = Release|iPhoneSimulator
		{91A37C94-ECC3-4C6F-8E11-41E8CE3AD4BD}.Debug|iPhone.ActiveCfg = Debug|iPhone
		{91A37C94-ECC3-4C6F-8E11-41E8CE3AD4BD}.Debug|iPhone.Build.0 = Debug|iPhone
		{91A37C94-ECC3-4C6F-8E11-41E8CE3AD4BD}.Release|iPhone.ActiveCfg = Release|iPhone
		{91A37C94-ECC3-4C6F-8E11-41E8CE3AD4BD}.Release|iPhone.Build.0 = Release|iPhone
		{60D1947C-BE34-413C-88A9-3F194CFC4575}.Debug|Any CPU.ActiveCfg = Debug|Any CPU
		{60D1947C-BE34-413C-88A9-3F194CFC4575}.Debug|Any CPU.Build.0 = Debug|Any CPU
		{60D1947C-BE34-413C-88A9-3F194CFC4575}.Release|Any CPU.ActiveCfg = Release|Any CPU
		{60D1947C-BE34-413C-88A9-3F194CFC4575}.Release|Any CPU.Build.0 = Release|Any CPU
		{60D1947C-BE34-413C-88A9-3F194CFC4575}.Debug|iPhoneSimulator.ActiveCfg = Debug|Any CPU
		{60D1947C-BE34-413C-88A9-3F194CFC4575}.Debug|iPhoneSimulator.Build.0 = Debug|Any CPU
		{60D1947C-BE34-413C-88A9-3F194CFC4575}.Release|iPhoneSimulator.ActiveCfg = Release|Any CPU
		{60D1947C-BE34-413C-88A9-3F194CFC4575}.Release|iPhoneSimulator.Build.0 = Release|Any CPU
		{60D1947C-BE34-413C-88A9-3F194CFC4575}.Debug|iPhone.ActiveCfg = Debug|Any CPU
		{60D1947C-BE34-413C-88A9-3F194CFC4575}.Debug|iPhone.Build.0 = Debug|Any CPU
		{60D1947C-BE34-413C-88A9-3F194CFC4575}.Release|iPhone.ActiveCfg = Release|Any CPU
		{60D1947C-BE34-413C-88A9-3F194CFC4575}.Release|iPhone.Build.0 = Release|Any CPU
		{6A12AC70-1004-446A-A838-E797C15E8A32}.Debug|Any CPU.ActiveCfg = Debug|Any CPU
		{6A12AC70-1004-446A-A838-E797C15E8A32}.Debug|Any CPU.Build.0 = Debug|Any CPU
		{6A12AC70-1004-446A-A838-E797C15E8A32}.Release|Any CPU.ActiveCfg = Release|Any CPU
		{6A12AC70-1004-446A-A838-E797C15E8A32}.Release|Any CPU.Build.0 = Release|Any CPU
		{6A12AC70-1004-446A-A838-E797C15E8A32}.Debug|iPhoneSimulator.ActiveCfg = Debug|Any CPU
		{6A12AC70-1004-446A-A838-E797C15E8A32}.Debug|iPhoneSimulator.Build.0 = Debug|Any CPU
		{6A12AC70-1004-446A-A838-E797C15E8A32}.Release|iPhoneSimulator.ActiveCfg = Release|Any CPU
		{6A12AC70-1004-446A-A838-E797C15E8A32}.Release|iPhoneSimulator.Build.0 = Release|Any CPU
		{6A12AC70-1004-446A-A838-E797C15E8A32}.Debug|iPhone.ActiveCfg = Debug|Any CPU
		{6A12AC70-1004-446A-A838-E797C15E8A32}.Debug|iPhone.Build.0 = Debug|Any CPU
		{6A12AC70-1004-446A-A838-E797C15E8A32}.Release|iPhone.ActiveCfg = Release|Any CPU
		{6A12AC70-1004-446A-A838-E797C15E8A32}.Release|iPhone.Build.0 = Release|Any CPU
	EndGlobalSection
	GlobalSection(SolutionProperties) = preSolution
		HideSolutionNode = FALSE
	EndGlobalSection
	GlobalSection(ExtensibilityGlobals) = postSolution
		SolutionGuid = {256E6736-27C6-474C-A43B-50D6111D662B}
	EndGlobalSection
	GlobalSection(NestedProjects) = preSolution
	EndGlobalSection
EndGlobal
